
Microsoft Visual Studio Solution File, Format Version 12.00
Project("{FAE04EC0-301F-11D3-BF4B-00C04F79EFBC}") = "CalculatorLogicUnitTests", "CalculatorLogicUnitTests\CalculatorLogicUnitTests.csproj", "{1DFEE874-ABC0-4CF0-B61C-6D853A3901AE}"
EndProject
Project("{FAE04EC0-301F-11D3-BF4B-00C04F79EFBC}") = "CalculatorWebServerApp", "CalculatorWebServerApp\CalculatorWebServerApp.csproj", "{BC47392C-654B-469B-9BAD-AB8EF782CFFA}"
EndProject
Project("{FAE04EC0-301F-11D3-BF4B-00C04F79EFBC}") = "CalculatorEndToEndTests", "CalculatorEndToEndTests\CalculatorEndToEndTests.csproj", "{9FB70E1B-DB29-4FDD-8B22-B8DFA2CDA88E}"
EndProject
Project("{FAE04EC0-301F-11D3-BF4B-00C04F79EFBC}") = "CalculatorLogic", "CalculatorLogic\CalculatorLogic.csproj", "{248C6C03-3B55-4424-8842-5FF2CED039F9}"
EndProject
Global
	GlobalSection(SolutionConfigurationPlatforms) = preSolution
		Debug|Any CPU = Debug|Any CPU
		Release|Any CPU = Release|Any CPU
	EndGlobalSection
	GlobalSection(ProjectConfigurationPlatforms) = postSolution
		{1DFEE874-ABC0-4CF0-B61C-6D853A3901AE}.Debug|Any CPU.ActiveCfg = Debug|Any CPU
		{1DFEE874-ABC0-4CF0-B61C-6D853A3901AE}.Debug|Any CPU.Build.0 = Debug|Any CPU
		{1DFEE874-ABC0-4CF0-B61C-6D853A3901AE}.Release|Any CPU.ActiveCfg = Release|Any CPU
		{1DFEE874-ABC0-4CF0-B61C-6D853A3901AE}.Release|Any CPU.Build.0 = Release|Any CPU
		{BC47392C-654B-469B-9BAD-AB8EF782CFFA}.Debug|Any CPU.ActiveCfg = Debug|Any CPU
		{BC47392C-654B-469B-9BAD-AB8EF782CFFA}.Debug|Any CPU.Build.0 = Debug|Any CPU
		{BC47392C-654B-469B-9BAD-AB8EF782CFFA}.Release|Any CPU.ActiveCfg = Release|Any CPU
		{BC47392C-654B-469B-9BAD-AB8EF782CFFA}.Release|Any CPU.Build.0 = Release|Any CPU
		{9FB70E1B-DB29-4FDD-8B22-B8DFA2CDA88E}.Debug|Any CPU.ActiveCfg = Debug|Any CPU
		{9FB70E1B-DB29-4FDD-8B22-B8DFA2CDA88E}.Debug|Any CPU.Build.0 = Debug|Any CPU
		{9FB70E1B-DB29-4FDD-8B22-B8DFA2CDA88E}.Release|Any CPU.ActiveCfg = Release|Any CPU
		{9FB70E1B-DB29-4FDD-8B22-B8DFA2CDA88E}.Release|Any CPU.Build.0 = Release|Any CPU
		{248C6C03-3B55-4424-8842-5FF2CED039F9}.Debug|Any CPU.ActiveCfg = Debug|Any CPU
		{248C6C03-3B55-4424-8842-5FF2CED039F9}.Debug|Any CPU.Build.0 = Debug|Any CPU
		{248C6C03-3B55-4424-8842-5FF2CED039F9}.Release|Any CPU.ActiveCfg = Release|Any CPU
		{248C6C03-3B55-4424-8842-5FF2CED039F9}.Release|Any CPU.Build.0 = Release|Any CPU
	EndGlobalSection
EndGlobal
