
Microsoft Visual Studio Solution File, Format Version 12.00
Project("{FAE04EC0-301F-11D3-BF4B-00C04F79EFBC}") = "CalculatorLogicUnitTests", "CalculatorLogicUnitTests\CalculatorLogicUnitTests.csproj", "{B2786564-4283-4D95-AC85-597E01E137DF}"
EndProject
Project("{FAE04EC0-301F-11D3-BF4B-00C04F79EFBC}") = "CalculatorLogic", "CalculatorLogic\CalculatorLogic.csproj", "{809B73BF-C61B-4647-96D0-9FC781457F88}"
EndProject
Global
	GlobalSection(SolutionConfigurationPlatforms) = preSolution
		Debug|Any CPU = Debug|Any CPU
		Release|Any CPU = Release|Any CPU
	EndGlobalSection
	GlobalSection(ProjectConfigurationPlatforms) = postSolution
		{B2786564-4283-4D95-AC85-597E01E137DF}.Debug|Any CPU.ActiveCfg = Debug|Any CPU
		{B2786564-4283-4D95-AC85-597E01E137DF}.Debug|Any CPU.Build.0 = Debug|Any CPU
		{B2786564-4283-4D95-AC85-597E01E137DF}.Release|Any CPU.ActiveCfg = Release|Any CPU
		{B2786564-4283-4D95-AC85-597E01E137DF}.Release|Any CPU.Build.0 = Release|Any CPU
		{809B73BF-C61B-4647-96D0-9FC781457F88}.Debug|Any CPU.ActiveCfg = Debug|Any CPU
		{809B73BF-C61B-4647-96D0-9FC781457F88}.Debug|Any CPU.Build.0 = Debug|Any CPU
		{809B73BF-C61B-4647-96D0-9FC781457F88}.Release|Any CPU.ActiveCfg = Release|Any CPU
		{809B73BF-C61B-4647-96D0-9FC781457F88}.Release|Any CPU.Build.0 = Release|Any CPU
	EndGlobalSection
EndGlobal
